// !$*UTF8*$!
{
	archiveVersion = 1;
	classes = {
	};
	objectVersion = 70;
	objects = {

/* Begin PBXBuildFile section */
		001 /* ObsyncApp.swift in Sources */ = {isa = PBXBuildFile; fileRef = 101 /* ObsyncApp.swift */; };
		002 /* ContentView.swift in Sources */ = {isa = PBXBuildFile; fileRef = 102 /* ContentView.swift */; };
		003 /* SettingsView.swift in Sources */ = {isa = PBXBuildFile; fileRef = 103 /* SettingsView.swift */; };
		004 /* MenuBarView.swift in Sources */ = {isa = PBXBuildFile; fileRef = 104 /* MenuBarView.swift */; };
		005 /* SyncTask.swift in Sources */ = {isa = PBXBuildFile; fileRef = 105 /* SyncTask.swift */; };
		006 /* SyncConfiguration.swift in Sources */ = {isa = PBXBuildFile; fileRef = 106 /* SyncConfiguration.swift */; };
		007 /* SyncState.swift in Sources */ = {isa = PBXBuildFile; fileRef = 107 /* SyncState.swift */; };
		008 /* ObsidianService.swift in Sources */ = {isa = PBXBuildFile; fileRef = 108 /* ObsidianService.swift */; };
		010 /* SyncEngine.swift in Sources */ = {isa = PBXBuildFile; fileRef = 110 /* SyncEngine.swift */; };
		011 /* SyncManager.swift in Sources */ = {isa = PBXBuildFile; fileRef = 111 /* SyncManager.swift */; };
		012 /* FileBackupService.swift in Sources */ = {isa = PBXBuildFile; fileRef = 114 /* FileBackupService.swift */; };
		013 /* NotificationService.swift in Sources */ = {isa = PBXBuildFile; fileRef = 115 /* NotificationService.swift */; };
		014 /* HotKeyService.swift in Sources */ = {isa = PBXBuildFile; fileRef = 116 /* HotKeyService.swift */; };
		015 /* AuditLog.swift in Sources */ = {isa = PBXBuildFile; fileRef = 117 /* AuditLog.swift */; };
		016 /* SyncLog.swift in Sources */ = {isa = PBXBuildFile; fileRef = 118 /* SyncLog.swift */; };
		017 /* SyncHistoryView.swift in Sources */ = {isa = PBXBuildFile; fileRef = 119 /* SyncHistoryView.swift */; };
		018 /* Assets.xcassets in Resources */ = {isa = PBXBuildFile; fileRef = 120 /* Assets.xcassets */; };
		019 /* FileWatcherService.swift in Sources */ = {isa = PBXBuildFile; fileRef = 121 /* FileWatcherService.swift */; };
		020 /* OnboardingView.swift in Sources */ = {isa = PBXBuildFile; fileRef = 122 /* OnboardingView.swift */; };
		021 /* AboutView.swift in Sources */ = {isa = PBXBuildFile; fileRef = 123 /* AboutView.swift */; };
		022 /* TaskSource.swift in Sources */ = {isa = PBXBuildFile; fileRef = 124 /* TaskSource.swift */; };
		023 /* TaskDestination.swift in Sources */ = {isa = PBXBuildFile; fileRef = 125 /* TaskDestination.swift */; };
		025 /* TaskNotesSource.swift in Sources */ = {isa = PBXBuildFile; fileRef = 127 /* TaskNotesSource.swift */; };
		026 /* RemindersDestination.swift in Sources */ = {isa = PBXBuildFile; fileRef = 128 /* RemindersDestination.swift */; };
		032 /* CalendarFeedDestination.swift in Sources */ = {isa = PBXBuildFile; fileRef = 134 /* CalendarFeedDestination.swift */; };
		42341E222F92A4270045886E /* ObsidianTasksSource.swift in Sources */ = {isa = PBXBuildFile; fileRef = 42341E212F92A4270045886E /* ObsidianTasksSource.swift */; };
		T01 /* TaskParserTests.swift in Sources */ = {isa = PBXBuildFile; fileRef = T10 /* TaskParserTests.swift */; };
		T02 /* DeduplicationTests.swift in Sources */ = {isa = PBXBuildFile; fileRef = T11 /* DeduplicationTests.swift */; };
		T03 /* TaskNotesParserTests.swift in Sources */ = {isa = PBXBuildFile; fileRef = T12 /* TaskNotesParserTests.swift */; };
		T04 /* ConfigurationTests.swift in Sources */ = {isa = PBXBuildFile; fileRef = T13 /* ConfigurationTests.swift */; };
		T05 /* PersistenceTests.swift in Sources */ = {isa = PBXBuildFile; fileRef = T14 /* PersistenceTests.swift */; };
		T06 /* WritebackTests.swift in Sources */ = {isa = PBXBuildFile; fileRef = T15 /* WritebackTests.swift */; };
/* End PBXBuildFile section */

/* Begin PBXContainerItemProxy section */
		T20 /* PBXContainerItemProxy */ = {
			isa = PBXContainerItemProxy;
			containerPortal = 600 /* Project object */;
			proxyType = 1;
			remoteGlobalIDString = 400;
			remoteInfo = Remindian;
		};
/* End PBXContainerItemProxy section */

/* Begin PBXFileReference section */
		100 /* Remindian.app */ = {isa = PBXFileReference; explicitFileType = wrapper.application; includeInIndex = 0; path = Remindian.app; sourceTree = BUILT_PRODUCTS_DIR; };
		101 /* ObsyncApp.swift */ = {isa = PBXFileReference; lastKnownFileType = sourcecode.swift; path = ObsyncApp.swift; sourceTree = "<group>"; };
		102 /* ContentView.swift */ = {isa = PBXFileReference; lastKnownFileType = sourcecode.swift; path = ContentView.swift; sourceTree = "<group>"; };
		103 /* SettingsView.swift */ = {isa = PBXFileReference; lastKnownFileType = sourcecode.swift; path = SettingsView.swift; sourceTree = "<group>"; };
		104 /* MenuBarView.swift */ = {isa = PBXFileReference; lastKnownFileType = sourcecode.swift; path = MenuBarView.swift; sourceTree = "<group>"; };
		105 /* SyncTask.swift */ = {isa = PBXFileReference; lastKnownFileType = sourcecode.swift; path = SyncTask.swift; sourceTree = "<group>"; };
		106 /* SyncConfiguration.swift */ = {isa = PBXFileReference; lastKnownFileType = sourcecode.swift; path = SyncConfiguration.swift; sourceTree = "<group>"; };
		107 /* SyncState.swift */ = {isa = PBXFileReference; lastKnownFileType = sourcecode.swift; path = SyncState.swift; sourceTree = "<group>"; };
		108 /* ObsidianService.swift */ = {isa = PBXFileReference; lastKnownFileType = sourcecode.swift; path = ObsidianService.swift; sourceTree = "<group>"; };
		110 /* SyncEngine.swift */ = {isa = PBXFileReference; lastKnownFileType = sourcecode.swift; path = SyncEngine.swift; sourceTree = "<group>"; };
		111 /* SyncManager.swift */ = {isa = PBXFileReference; lastKnownFileType = sourcecode.swift; path = SyncManager.swift; sourceTree = "<group>"; };
		112 /* Info.plist */ = {isa = PBXFileReference; lastKnownFileType = text.plist.xml; path = Info.plist; sourceTree = "<group>"; };
		113 /* Remindian.entitlements */ = {isa = PBXFileReference; lastKnownFileType = text.plist.entitlements; path = Remindian.entitlements; sourceTree = "<group>"; };
		114 /* FileBackupService.swift */ = {isa = PBXFileReference; lastKnownFileType = sourcecode.swift; path = FileBackupService.swift; sourceTree = "<group>"; };
		115 /* NotificationService.swift */ = {isa = PBXFileReference; lastKnownFileType = sourcecode.swift; path = NotificationService.swift; sourceTree = "<group>"; };
		116 /* HotKeyService.swift */ = {isa = PBXFileReference; lastKnownFileType = sourcecode.swift; path = HotKeyService.swift; sourceTree = "<group>"; };
		117 /* AuditLog.swift */ = {isa = PBXFileReference; lastKnownFileType = sourcecode.swift; path = AuditLog.swift; sourceTree = "<group>"; };
		118 /* SyncLog.swift */ = {isa = PBXFileReference; lastKnownFileType = sourcecode.swift; path = SyncLog.swift; sourceTree = "<group>"; };
		119 /* SyncHistoryView.swift */ = {isa = PBXFileReference; lastKnownFileType = sourcecode.swift; path = SyncHistoryView.swift; sourceTree = "<group>"; };
		120 /* Assets.xcassets */ = {isa = PBXFileReference; lastKnownFileType = folder.assetcatalog; path = Assets.xcassets; sourceTree = "<group>"; };
		121 /* FileWatcherService.swift */ = {isa = PBXFileReference; lastKnownFileType = sourcecode.swift; path = FileWatcherService.swift; sourceTree = "<group>"; };
		122 /* OnboardingView.swift */ = {isa = PBXFileReference; lastKnownFileType = sourcecode.swift; path = OnboardingView.swift; sourceTree = "<group>"; };
		123 /* AboutView.swift */ = {isa = PBXFileReference; lastKnownFileType = sourcecode.swift; path = AboutView.swift; sourceTree = "<group>"; };
		124 /* TaskSource.swift */ = {isa = PBXFileReference; lastKnownFileType = sourcecode.swift; path = TaskSource.swift; sourceTree = "<group>"; };
		125 /* TaskDestination.swift */ = {isa = PBXFileReference; lastKnownFileType = sourcecode.swift; path = TaskDestination.swift; sourceTree = "<group>"; };
		127 /* TaskNotesSource.swift */ = {isa = PBXFileReference; lastKnownFileType = sourcecode.swift; path = TaskNotesSource.swift; sourceTree = "<group>"; };
		128 /* RemindersDestination.swift */ = {isa = PBXFileReference; lastKnownFileType = sourcecode.swift; path = RemindersDestination.swift; sourceTree = "<group>"; };
		134 /* CalendarFeedDestination.swift */ = {isa = PBXFileReference; lastKnownFileType = sourcecode.swift; path = CalendarFeedDestination.swift; sourceTree = "<group>"; };
		42341E212F92A4270045886E /* ObsidianTasksSource.swift */ = {isa = PBXFileReference; lastKnownFileType = sourcecode.swift; path = ObsidianTasksSource.swift; sourceTree = "<group>"; };
		T00 /* RemindianTests.xctest */ = {isa = PBXFileReference; explicitFileType = wrapper.cfbundle; includeInIndex = 0; path = RemindianTests.xctest; sourceTree = BUILT_PRODUCTS_DIR; };
		T10 /* TaskParserTests.swift */ = {isa = PBXFileReference; lastKnownFileType = sourcecode.swift; path = TaskParserTests.swift; sourceTree = "<group>"; };
		T11 /* DeduplicationTests.swift */ = {isa = PBXFileReference; lastKnownFileType = sourcecode.swift; path = DeduplicationTests.swift; sourceTree = "<group>"; };
		T12 /* TaskNotesParserTests.swift */ = {isa = PBXFileReference; lastKnownFileType = sourcecode.swift; path = TaskNotesParserTests.swift; sourceTree = "<group>"; };
		T13 /* ConfigurationTests.swift */ = {isa = PBXFileReference; lastKnownFileType = sourcecode.swift; path = ConfigurationTests.swift; sourceTree = "<group>"; };
		T14 /* PersistenceTests.swift */ = {isa = PBXFileReference; lastKnownFileType = sourcecode.swift; path = PersistenceTests.swift; sourceTree = "<group>"; };
		T15 /* WritebackTests.swift */ = {isa = PBXFileReference; lastKnownFileType = sourcecode.swift; path = WritebackTests.swift; sourceTree = "<group>"; };
/* End PBXFileReference section */

/* Begin PBXFileSystemSynchronizedRootGroup section */
		42341E272F92AA0C0045886E /* Extensions */ = {isa = PBXFileSystemSynchronizedRootGroup; explicitFileTypes = {}; explicitFolders = (); path = Extensions; sourceTree = "<group>"; };
/* End PBXFileSystemSynchronizedRootGroup section */

/* Begin PBXFrameworksBuildPhase section */
		200 /* Frameworks */ = {
			isa = PBXFrameworksBuildPhase;
			buildActionMask = 2147483647;
			files = (
			);
			runOnlyForDeploymentPostprocessing = 0;
		};
		T30 /* Frameworks */ = {
			isa = PBXFrameworksBuildPhase;
			buildActionMask = 2147483647;
			files = (
			);
			runOnlyForDeploymentPostprocessing = 0;
		};
/* End PBXFrameworksBuildPhase section */

/* Begin PBXGroup section */
		300 = {
			isa = PBXGroup;
			children = (
				301 /* Obsync */,
				309 /* RemindianTests */,
				302 /* Products */,
			);
			sourceTree = "<group>";
		};
		301 /* Obsync */ = {
			isa = PBXGroup;
			children = (
				42341E272F92AA0C0045886E /* Extensions */,
				101 /* ObsyncApp.swift */,
				303 /* Views */,
				304 /* Models */,
				305 /* Services */,
				306 /* Protocols */,
				120 /* Assets.xcassets */,
				112 /* Info.plist */,
				113 /* Remindian.entitlements */,
			);
			path = Obsync;
			sourceTree = "<group>";
		};
		302 /* Products */ = {
			isa = PBXGroup;
			children = (
				100 /* Remindian.app */,
				T00 /* RemindianTests.xctest */,
			);
			name = Products;
			sourceTree = "<group>";
		};
		303 /* Views */ = {
			isa = PBXGroup;
			children = (
				102 /* ContentView.swift */,
				103 /* SettingsView.swift */,
				104 /* MenuBarView.swift */,
				119 /* SyncHistoryView.swift */,
				122 /* OnboardingView.swift */,
				123 /* AboutView.swift */,
			);
			path = Views;
			sourceTree = "<group>";
		};
		304 /* Models */ = {
			isa = PBXGroup;
			children = (
				105 /* SyncTask.swift */,
				106 /* SyncConfiguration.swift */,
				107 /* SyncState.swift */,
				118 /* SyncLog.swift */,
			);
			path = Models;
			sourceTree = "<group>";
		};
		305 /* Services */ = {
			isa = PBXGroup;
			children = (
				108 /* ObsidianService.swift */,
				110 /* SyncEngine.swift */,
				111 /* SyncManager.swift */,
				114 /* FileBackupService.swift */,
				115 /* NotificationService.swift */,
				116 /* HotKeyService.swift */,
				117 /* AuditLog.swift */,
				121 /* FileWatcherService.swift */,
				307 /* Sources */,
				308 /* Destinations */,
			);
			path = Services;
			sourceTree = "<group>";
		};
		306 /* Protocols */ = {
			isa = PBXGroup;
			children = (
				124 /* TaskSource.swift */,
				125 /* TaskDestination.swift */,
			);
			path = Protocols;
			sourceTree = "<group>";
		};
		307 /* Sources */ = {
			isa = PBXGroup;
			children = (
				127 /* TaskNotesSource.swift */,
				42341E212F92A4270045886E /* ObsidianTasksSource.swift */,
			);
			path = Sources;
			sourceTree = "<group>";
		};
		308 /* Destinations */ = {
			isa = PBXGroup;
			children = (
				128 /* RemindersDestination.swift */,
				134 /* CalendarFeedDestination.swift */,
			);
			path = Destinations;
			sourceTree = "<group>";
		};
		309 /* RemindianTests */ = {
			isa = PBXGroup;
			children = (
				T10 /* TaskParserTests.swift */,
				T11 /* DeduplicationTests.swift */,
				T12 /* TaskNotesParserTests.swift */,
				T13 /* ConfigurationTests.swift */,
				T14 /* PersistenceTests.swift */,
				T15 /* WritebackTests.swift */,
			);
			path = RemindianTests;
			sourceTree = "<group>";
		};
/* End PBXGroup section */

/* Begin PBXNativeTarget section */
		400 /* Remindian */ = {
			isa = PBXNativeTarget;
			buildConfigurationList = 500 /* Build configuration list for PBXNativeTarget "Remindian" */;
			buildPhases = (
				401 /* Sources */,
				200 /* Frameworks */,
				402 /* Resources */,
			);
			buildRules = (
			);
			dependencies = (
			);
			fileSystemSynchronizedGroups = (
				42341E272F92AA0C0045886E /* Extensions */,
			);
			name = Remindian;
			productName = Remindian;
			productReference = 100 /* Remindian.app */;
			productType = "com.apple.product-type.application";
		};
		T40 /* RemindianTests */ = {
			isa = PBXNativeTarget;
			buildConfigurationList = T50 /* Build configuration list for PBXNativeTarget "RemindianTests" */;
			buildPhases = (
				T41 /* Sources */,
				T30 /* Frameworks */,
			);
			buildRules = (
			);
			dependencies = (
				T21 /* PBXTargetDependency */,
			);
			name = RemindianTests;
			productName = RemindianTests;
			productReference = T00 /* RemindianTests.xctest */;
			productType = "com.apple.product-type.bundle.unit-test";
		};
/* End PBXNativeTarget section */

/* Begin PBXProject section */
		600 /* Project object */ = {
			isa = PBXProject;
			attributes = {
				BuildIndependentTargetsInParallel = 1;
				LastSwiftUpdateCheck = 1500;
				LastUpgradeCheck = 1620;
				TargetAttributes = {
					400 = {
						CreatedOnToolsVersion = 15.0;
					};
					T40 = {
						CreatedOnToolsVersion = 15.0;
						TestTargetID = 400;
					};
				};
			};
			buildConfigurationList = 601 /* Build configuration list for PBXProject "ObsidianRemindersSync" */;
			compatibilityVersion = "Xcode 14.0";
			developmentRegion = en;
			hasScannedForEncodings = 0;
			knownRegions = (
				en,
				Base,
			);
			mainGroup = 300;
			productRefGroup = 302 /* Products */;
			projectDirPath = "";
			projectRoot = "";
			targets = (
				400 /* Remindian */,
				T40 /* RemindianTests */,
			);
		};
/* End PBXProject section */

/* Begin PBXResourcesBuildPhase section */
		402 /* Resources */ = {
			isa = PBXResourcesBuildPhase;
			buildActionMask = 2147483647;
			files = (
				018 /* Assets.xcassets in Resources */,
			);
			runOnlyForDeploymentPostprocessing = 0;
		};
/* End PBXResourcesBuildPhase section */

/* Begin PBXSourcesBuildPhase section */
		401 /* Sources */ = {
			isa = PBXSourcesBuildPhase;
			buildActionMask = 2147483647;
			files = (
				001 /* ObsyncApp.swift in Sources */,
				002 /* ContentView.swift in Sources */,
				003 /* SettingsView.swift in Sources */,
				004 /* MenuBarView.swift in Sources */,
				005 /* SyncTask.swift in Sources */,
				006 /* SyncConfiguration.swift in Sources */,
				007 /* SyncState.swift in Sources */,
				008 /* ObsidianService.swift in Sources */,
				010 /* SyncEngine.swift in Sources */,
				011 /* SyncManager.swift in Sources */,
				012 /* FileBackupService.swift in Sources */,
				013 /* NotificationService.swift in Sources */,
				014 /* HotKeyService.swift in Sources */,
				015 /* AuditLog.swift in Sources */,
				016 /* SyncLog.swift in Sources */,
				017 /* SyncHistoryView.swift in Sources */,
				42341E222F92A4270045886E /* ObsidianTasksSource.swift in Sources */,
				019 /* FileWatcherService.swift in Sources */,
				020 /* OnboardingView.swift in Sources */,
				021 /* AboutView.swift in Sources */,
				022 /* TaskSource.swift in Sources */,
				023 /* TaskDestination.swift in Sources */,
				025 /* TaskNotesSource.swift in Sources */,
				026 /* RemindersDestination.swift in Sources */,
				032 /* CalendarFeedDestination.swift in Sources */,
			);
			runOnlyForDeploymentPostprocessing = 0;
		};
		T41 /* Sources */ = {
			isa = PBXSourcesBuildPhase;
			buildActionMask = 2147483647;
			files = (
				T01 /* TaskParserTests.swift in Sources */,
				T02 /* DeduplicationTests.swift in Sources */,
				T03 /* TaskNotesParserTests.swift in Sources */,
				T04 /* ConfigurationTests.swift in Sources */,
				T05 /* PersistenceTests.swift in Sources */,
				T06 /* WritebackTests.swift in Sources */,
			);
			runOnlyForDeploymentPostprocessing = 0;
		};
/* End PBXSourcesBuildPhase section */

/* Begin PBXTargetDependency section */
		T21 /* PBXTargetDependency */ = {
			isa = PBXTargetDependency;
			target = 400 /* Remindian */;
			targetProxy = T20 /* PBXContainerItemProxy */;
		};
/* End PBXTargetDependency section */

/* Begin XCBuildConfiguration section */
		700 /* Debug */ = {
			isa = XCBuildConfiguration;
			buildSettings = {
				ALWAYS_SEARCH_USER_PATHS = NO;
				ASSETCATALOG_COMPILER_GENERATE_SWIFT_ASSET_SYMBOL_EXTENSIONS = YES;
				CLANG_ANALYZER_NONNULL = YES;
				CLANG_ANALYZER_NUMBER_OBJECT_CONVERSION = YES_AGGRESSIVE;
				CLANG_CXX_LANGUAGE_STANDARD = "gnu++20";
				CLANG_ENABLE_MODULES = YES;
				CLANG_ENABLE_OBJC_ARC = YES;
				CLANG_ENABLE_OBJC_WEAK = YES;
				CLANG_WARN_BLOCK_CAPTURE_AUTORELEASING = YES;
				CLANG_WARN_BOOL_CONVERSION = YES;
				CLANG_WARN_COMMA = YES;
				CLANG_WARN_CONSTANT_CONVERSION = YES;
				CLANG_WARN_DEPRECATED_OBJC_IMPLEMENTATIONS = YES;
				CLANG_WARN_DIRECT_OBJC_ISA_USAGE = YES_ERROR;
				CLANG_WARN_DOCUMENTATION_COMMENTS = YES;
				CLANG_WARN_EMPTY_BODY = YES;
				CLANG_WARN_ENUM_CONVERSION = YES;
				CLANG_WARN_INFINITE_RECURSION = YES;
				CLANG_WARN_INT_CONVERSION = YES;
				CLANG_WARN_NON_LITERAL_NULL_CONVERSION = YES;
				CLANG_WARN_OBJC_IMPLICIT_RETAIN_SELF = YES;
				CLANG_WARN_OBJC_LITERAL_CONVERSION = YES;
				CLANG_WARN_OBJC_ROOT_CLASS = YES_ERROR;
				CLANG_WARN_QUOTED_INCLUDE_IN_FRAMEWORK_HEADER = YES;
				CLANG_WARN_RANGE_LOOP_ANALYSIS = YES;
				CLANG_WARN_STRICT_PROTOTYPES = YES;
				CLANG_WARN_SUSPICIOUS_MOVE = YES;
				CLANG_WARN_UNGUARDED_AVAILABILITY = YES_AGGRESSIVE;
				CLANG_WARN_UNREACHABLE_CODE = YES;
				CLANG_WARN__DUPLICATE_METHOD_MATCH = YES;
				COPY_PHASE_STRIP = NO;
				DEAD_CODE_STRIPPING = YES;
				DEBUG_INFORMATION_FORMAT = dwarf;
				ENABLE_STRICT_OBJC_MSGSEND = YES;
				ENABLE_TESTABILITY = YES;
				ENABLE_USER_SCRIPT_SANDBOXING = YES;
				GCC_C_LANGUAGE_STANDARD = gnu17;
				GCC_DYNAMIC_NO_PIC = NO;
				GCC_NO_COMMON_BLOCKS = YES;
				GCC_OPTIMIZATION_LEVEL = 0;
				GCC_PREPROCESSOR_DEFINITIONS = (
					"DEBUG=1",
					"$(inherited)",
				);
				GCC_WARN_64_TO_32_BIT_CONVERSION = YES;
				GCC_WARN_ABOUT_RETURN_TYPE = YES_ERROR;
				GCC_WARN_UNDECLARED_SELECTOR = YES;
				GCC_WARN_UNINITIALIZED_AUTOS = YES_AGGRESSIVE;
				GCC_WARN_UNUSED_FUNCTION = YES;
				GCC_WARN_UNUSED_VARIABLE = YES;
				LOCALIZATION_PREFERS_STRING_CATALOGS = YES;
				MACOSX_DEPLOYMENT_TARGET = 14.6;
				MTL_ENABLE_DEBUG_INFO = INCLUDE_SOURCE;
				MTL_FAST_MATH = YES;
				ONLY_ACTIVE_ARCH = YES;
				SDKROOT = macosx;
				SWIFT_ACTIVE_COMPILATION_CONDITIONS = "DEBUG $(inherited)";
				SWIFT_OPTIMIZATION_LEVEL = "-Onone";
			};
			name = Debug;
		};
		701 /* Release */ = {
			isa = XCBuildConfiguration;
			buildSettings = {
				ALWAYS_SEARCH_USER_PATHS = NO;
				ASSETCATALOG_COMPILER_GENERATE_SWIFT_ASSET_SYMBOL_EXTENSIONS = YES;
				CLANG_ANALYZER_NONNULL = YES;
				CLANG_ANALYZER_NUMBER_OBJECT_CONVERSION = YES_AGGRESSIVE;
				CLANG_CXX_LANGUAGE_STANDARD = "gnu++20";
				CLANG_ENABLE_MODULES = YES;
				CLANG_ENABLE_OBJC_ARC = YES;
				CLANG_ENABLE_OBJC_WEAK = YES;
				CLANG_WARN_BLOCK_CAPTURE_AUTORELEASING = YES;
				CLANG_WARN_BOOL_CONVERSION = YES;
				CLANG_WARN_COMMA = YES;
				CLANG_WARN_CONSTANT_CONVERSION = YES;
				CLANG_WARN_DEPRECATED_OBJC_IMPLEMENTATIONS = YES;
				CLANG_WARN_DIRECT_OBJC_ISA_USAGE = YES_ERROR;
				CLANG_WARN_DOCUMENTATION_COMMENTS = YES;
				CLANG_WARN_EMPTY_BODY = YES;
				CLANG_WARN_ENUM_CONVERSION = YES;
				CLANG_WARN_INFINITE_RECURSION = YES;
				CLANG_WARN_INT_CONVERSION = YES;
				CLANG_WARN_NON_LITERAL_NULL_CONVERSION = YES;
				CLANG_WARN_OBJC_IMPLICIT_RETAIN_SELF = YES;
				CLANG_WARN_OBJC_LITERAL_CONVERSION = YES;
				CLANG_WARN_OBJC_ROOT_CLASS = YES_ERROR;
				CLANG_WARN_QUOTED_INCLUDE_IN_FRAMEWORK_HEADER = YES;
				CLANG_WARN_RANGE_LOOP_ANALYSIS = YES;
				CLANG_WARN_STRICT_PROTOTYPES = YES;
				CLANG_WARN_SUSPICIOUS_MOVE = YES;
				CLANG_WARN_UNGUARDED_AVAILABILITY = YES_AGGRESSIVE;
				CLANG_WARN_UNREACHABLE_CODE = YES;
				CLANG_WARN__DUPLICATE_METHOD_MATCH = YES;
				COPY_PHASE_STRIP = NO;
				DEAD_CODE_STRIPPING = YES;
				DEBUG_INFORMATION_FORMAT = "dwarf-with-dsym";
				ENABLE_NS_ASSERTIONS = NO;
				ENABLE_STRICT_OBJC_MSGSEND = YES;
				ENABLE_USER_SCRIPT_SANDBOXING = YES;
				GCC_C_LANGUAGE_STANDARD = gnu17;
				GCC_NO_COMMON_BLOCKS = YES;
				GCC_WARN_64_TO_32_BIT_CONVERSION = YES;
				GCC_WARN_ABOUT_RETURN_TYPE = YES_ERROR;
				GCC_WARN_UNDECLARED_SELECTOR = YES;
				GCC_WARN_UNINITIALIZED_AUTOS = YES_AGGRESSIVE;
				GCC_WARN_UNUSED_FUNCTION = YES;
				GCC_WARN_UNUSED_VARIABLE = YES;
				LOCALIZATION_PREFERS_STRING_CATALOGS = YES;
				MACOSX_DEPLOYMENT_TARGET = 14.6;
				MTL_ENABLE_DEBUG_INFO = NO;
				MTL_FAST_MATH = YES;
				SDKROOT = macosx;
				SWIFT_COMPILATION_MODE = wholemodule;
			};
			name = Release;
		};
		702 /* Debug */ = {
			isa = XCBuildConfiguration;
			buildSettings = {
				ASSETCATALOG_COMPILER_APPICON_NAME = AppIcon;
				ASSETCATALOG_COMPILER_GLOBAL_ACCENT_COLOR_NAME = AccentColor;
				CODE_SIGN_ENTITLEMENTS = Obsync/Remindian.entitlements;
				CODE_SIGN_STYLE = Automatic;
				COMBINE_HIDPI_IMAGES = YES;
				CURRENT_PROJECT_VERSION = 17;
				DEAD_CODE_STRIPPING = YES;
				DEVELOPMENT_TEAM = "";
				ENABLE_HARDENED_RUNTIME = YES;
				GENERATE_INFOPLIST_FILE = YES;
				INFOPLIST_FILE = Obsync/Info.plist;
				INFOPLIST_KEY_LSApplicationCategoryType = "public.app-category.productivity";
				INFOPLIST_KEY_NSHumanReadableCopyright = "";
				INFOPLIST_KEY_NSRemindersUsageDescription = "Remindian needs access to Reminders to sync your tasks with Obsidian.";
				LD_RUNPATH_SEARCH_PATHS = (
					"$(inherited)",
					"@executable_path/../Frameworks",
				);
				MARKETING_VERSION = 5.6.0;
				PRODUCT_BUNDLE_IDENTIFIER = com.remindian.app;
				PRODUCT_NAME = "$(TARGET_NAME)";
				SWIFT_EMIT_LOC_STRINGS = YES;
				SWIFT_VERSION = 5.0;
			};
			name = Debug;
		};
		703 /* Release */ = {
			isa = XCBuildConfiguration;
			buildSettings = {
				ASSETCATALOG_COMPILER_APPICON_NAME = AppIcon;
				ASSETCATALOG_COMPILER_GLOBAL_ACCENT_COLOR_NAME = AccentColor;
				CODE_SIGN_ENTITLEMENTS = Obsync/Remindian.entitlements;
				CODE_SIGN_STYLE = Automatic;
				COMBINE_HIDPI_IMAGES = YES;
				CURRENT_PROJECT_VERSION = 17;
				DEAD_CODE_STRIPPING = YES;
				DEVELOPMENT_TEAM = "";
				ENABLE_HARDENED_RUNTIME = YES;
				GENERATE_INFOPLIST_FILE = YES;
				INFOPLIST_FILE = Obsync/Info.plist;
				INFOPLIST_KEY_LSApplicationCategoryType = "public.app-category.productivity";
				INFOPLIST_KEY_NSHumanReadableCopyright = "";
				INFOPLIST_KEY_NSRemindersUsageDescription = "Remindian needs access to Reminders to sync your tasks with Obsidian.";
				LD_RUNPATH_SEARCH_PATHS = (
					"$(inherited)",
					"@executable_path/../Frameworks",
				);
				MARKETING_VERSION = 5.6.0;
				PRODUCT_BUNDLE_IDENTIFIER = com.remindian.app;
				PRODUCT_NAME = "$(TARGET_NAME)";
				SWIFT_EMIT_LOC_STRINGS = YES;
				SWIFT_VERSION = 5.0;
			};
			name = Release;
		};
		T70 /* Debug */ = {
			isa = XCBuildConfiguration;
			buildSettings = {
				BUNDLE_LOADER = "$(TEST_HOST)";
				CODE_SIGN_STYLE = Automatic;
				CURRENT_PROJECT_VERSION = 17;
				DEAD_CODE_STRIPPING = YES;
				GENERATE_INFOPLIST_FILE = YES;
				MACOSX_DEPLOYMENT_TARGET = 13.0;
				PRODUCT_BUNDLE_IDENTIFIER = com.remindian.tests;
				PRODUCT_NAME = "$(TARGET_NAME)";
				SWIFT_EMIT_LOC_STRINGS = NO;
				SWIFT_VERSION = 5.0;
				TEST_HOST = "$(BUILT_PRODUCTS_DIR)/Remindian.app/Contents/MacOS/Remindian";
			};
			name = Debug;
		};
		T71 /* Release */ = {
			isa = XCBuildConfiguration;
			buildSettings = {
				BUNDLE_LOADER = "$(TEST_HOST)";
				CODE_SIGN_STYLE = Automatic;
				CURRENT_PROJECT_VERSION = 17;
				DEAD_CODE_STRIPPING = YES;
				GENERATE_INFOPLIST_FILE = YES;
				MACOSX_DEPLOYMENT_TARGET = 13.0;
				PRODUCT_BUNDLE_IDENTIFIER = com.remindian.tests;
				PRODUCT_NAME = "$(TARGET_NAME)";
				SWIFT_EMIT_LOC_STRINGS = NO;
				SWIFT_VERSION = 5.0;
				TEST_HOST = "$(BUILT_PRODUCTS_DIR)/Remindian.app/Contents/MacOS/Remindian";
			};
			name = Release;
		};
/* End XCBuildConfiguration section */

/* Begin XCConfigurationList section */
		500 /* Build configuration list for PBXNativeTarget "Remindian" */ = {
			isa = XCConfigurationList;
			buildConfigurations = (
				702 /* Debug */,
				703 /* Release */,
			);
			defaultConfigurationIsVisible = 0;
			defaultConfigurationName = Release;
		};
		601 /* Build configuration list for PBXProject "ObsidianRemindersSync" */ = {
			isa = XCConfigurationList;
			buildConfigurations = (
				700 /* Debug */,
				701 /* Release */,
			);
			defaultConfigurationIsVisible = 0;
			defaultConfigurationName = Release;
		};
		T50 /* Build configuration list for PBXNativeTarget "RemindianTests" */ = {
			isa = XCConfigurationList;
			buildConfigurations = (
				T70 /* Debug */,
				T71 /* Release */,
			);
			defaultConfigurationIsVisible = 0;
			defaultConfigurationName = Release;
		};
/* End XCConfigurationList section */
	};
	rootObject = 600 /* Project object */;
}
